
Microsoft Visual Studio Solution File, Format Version 12.00
# Visual Studio Version 16
VisualStudioVersion = 16.0.29306.81
MinimumVisualStudioVersion = 10.0.40219.1
Project("{FAE04EC0-301F-11D3-BF4B-00C04F79EFBC}") = "WordSearchKata", "WordSearchKata\WordSearchKata.csproj", "{50810D3F-B890-4428-9E2A-9E1624BD8C2F}"
EndProject
Project("{FAE04EC0-301F-11D3-BF4B-00C04F79EFBC}") = "WordSearchKataTests", "WordSearchKataTests\WordSearchKataTests.csproj", "{1BA56784-3128-47E4-8172-BFA44B827D8D}"
EndProject
Global
	GlobalSection(SolutionConfigurationPlatforms) = preSolution
		Debug|Any CPU = Debug|Any CPU
		Release|Any CPU = Release|Any CPU
	EndGlobalSection
	GlobalSection(ProjectConfigurationPlatforms) = postSolution
		{50810D3F-B890-4428-9E2A-9E1624BD8C2F}.Debug|Any CPU.ActiveCfg = Debug|Any CPU
		{50810D3F-B890-4428-9E2A-9E1624BD8C2F}.Debug|Any CPU.Build.0 = Debug|Any CPU
		{50810D3F-B890-4428-9E2A-9E1624BD8C2F}.Release|Any CPU.ActiveCfg = Release|Any CPU
		{50810D3F-B890-4428-9E2A-9E1624BD8C2F}.Release|Any CPU.Build.0 = Release|Any CPU
		{1BA56784-3128-47E4-8172-BFA44B827D8D}.Debug|Any CPU.ActiveCfg = Debug|Any CPU
		{1BA56784-3128-47E4-8172-BFA44B827D8D}.Debug|Any CPU.Build.0 = Debug|Any CPU
		{1BA56784-3128-47E4-8172-BFA44B827D8D}.Release|Any CPU.ActiveCfg = Release|Any CPU
		{1BA56784-3128-47E4-8172-BFA44B827D8D}.Release|Any CPU.Build.0 = Release|Any CPU
	EndGlobalSection
	GlobalSection(SolutionProperties) = preSolution
		HideSolutionNode = FALSE
	EndGlobalSection
	GlobalSection(ExtensibilityGlobals) = postSolution
		SolutionGuid = {BA5085AD-C912-4D70-A1C4-0BF0548B2856}
	EndGlobalSection
EndGlobal
